// !$*UTF8*$!
{
	archiveVersion = 1;
	classes = {
	};
	objectVersion = 50;
	objects = {

/* Begin PBXBuildFile section */
		A5613A1727F0B5FB00188D35 /* AppDelegate.swift in Sources */ = {isa = PBXBuildFile; fileRef = A5613A1627F0B5FB00188D35 /* AppDelegate.swift */; };
		A5613A1927F0B5FB00188D35 /* SceneDelegate.swift in Sources */ = {isa = PBXBuildFile; fileRef = A5613A1827F0B5FB00188D35 /* SceneDelegate.swift */; };
		A5613A1B27F0B5FB00188D35 /* ViewController.swift in Sources */ = {isa = PBXBuildFile; fileRef = A5613A1A27F0B5FB00188D35 /* ViewController.swift */; };
		A5613A1E27F0B5FB00188D35 /* Main.storyboard in Resources */ = {isa = PBXBuildFile; fileRef = A5613A1C27F0B5FB00188D35 /* Main.storyboard */; };
		A5613A2027F0B5FC00188D35 /* Assets.xcassets in Resources */ = {isa = PBXBuildFile; fileRef = A5613A1F27F0B5FC00188D35 /* Assets.xcassets */; };
		A5613A2327F0B5FC00188D35 /* LaunchScreen.storyboard in Resources */ = {isa = PBXBuildFile; fileRef = A5613A2127F0B5FC00188D35 /* LaunchScreen.storyboard */; };
/* End PBXBuildFile section */

/* Begin PBXFileReference section */
		A5613A1327F0B5FB00188D35 /* App Notes.app */ = {isa = PBXFileReference; explicitFileType = wrapper.application; includeInIndex = 0; path = "App Notes.app"; sourceTree = BUILT_PRODUCTS_DIR; };
		A5613A1627F0B5FB00188D35 /* AppDelegate.swift */ = {isa = PBXFileReference; lastKnownFileType = sourcecode.swift; path = AppDelegate.swift; sourceTree = "<group>"; };
		A5613A1827F0B5FB00188D35 /* SceneDelegate.swift */ = {isa = PBXFileReference; lastKnownFileType = sourcecode.swift; path = SceneDelegate.swift; sourceTree = "<group>"; };
		A5613A1A27F0B5FB00188D35 /* ViewController.swift */ = {isa = PBXFileReference; lastKnownFileType = sourcecode.swift; path = ViewController.swift; sourceTree = "<group>"; };
		A5613A1D27F0B5FB00188D35 /* Base */ = {isa = PBXFileReference; lastKnownFileType = file.storyboard; name = Base; path = Base.lproj/Main.storyboard; sourceTree = "<group>"; };
		A5613A1F27F0B5FC00188D35 /* Assets.xcassets */ = {isa = PBXFileReference; lastKnownFileType = folder.assetcatalog; path = Assets.xcassets; sourceTree = "<group>"; };
		A5613A2227F0B5FC00188D35 /* Base */ = {isa = PBXFileReference; lastKnownFileType = file.storyboard; name = Base; path = Base.lproj/LaunchScreen.storyboard; sourceTree = "<group>"; };
		A5613A2427F0B5FC00188D35 /* Info.plist */ = {isa = PBXFileReference; lastKnownFileType = text.plist.xml; path = Info.plist; sourceTree = "<group>"; };
/* End PBXFileReference section */

/* Begin PBXFrameworksBuildPhase section */
		A5613A1027F0B5FB00188D35 /* Frameworks */ = {
			isa = PBXFrameworksBuildPhase;
			buildActionMask = 2147483647;
			files = (
			);
			runOnlyForDeploymentPostprocessing = 0;
		};
/* End PBXFrameworksBuildPhase section */

/* Begin PBXGroup section */
		A5613A0A27F0B5FB00188D35 = {
			isa = PBXGroup;
			children = (
				A5613A1527F0B5FB00188D35 /* App Notes */,
				A5613A1427F0B5FB00188D35 /* Products */,
			);
			sourceTree = "<group>";
		};
		A5613A1427F0B5FB00188D35 /* Products */ = {
			isa = PBXGroup;
			children = (
				A5613A1327F0B5FB00188D35 /* App Notes.app */,
			);
			name = Products;
			sourceTree = "<group>";
		};
		A5613A1527F0B5FB00188D35 /* App Notes */ = {
			isa = PBXGroup;
			children = (
				A5613A1627F0B5FB00188D35 /* AppDelegate.swift */,
				A5613A1827F0B5FB00188D35 /* SceneDelegate.swift */,
				A5613A1A27F0B5FB00188D35 /* ViewController.swift */,
				A5613A1C27F0B5FB00188D35 /* Main.storyboard */,
				A5613A1F27F0B5FC00188D35 /* Assets.xcassets */,
				A5613A2127F0B5FC00188D35 /* LaunchScreen.storyboard */,
				A5613A2427F0B5FC00188D35 /* Info.plist */,
			);
			path = "App Notes";
			sourceTree = "<group>";
		};
/* End PBXGroup section */

/* Begin PBXNativeTarget section */
		A5613A1227F0B5FB00188D35 /* App Notes */ = {
			isa = PBXNativeTarget;
			buildConfigurationList = A5613A2727F0B5FC00188D35 /* Build configuration list for PBXNativeTarget "App Notes" */;
			buildPhases = (
				A5613A0F27F0B5FB00188D35 /* Sources */,
				A5613A1027F0B5FB00188D35 /* Frameworks */,
				A5613A1127F0B5FB00188D35 /* Resources */,
			);
			buildRules = (
			);
			dependencies = (
			);
			name = "App Notes";
			productName = "App Notes";
			productReference = A5613A1327F0B5FB00188D35 /* App Notes.app */;
			productType = "com.apple.product-type.application";
		};
/* End PBXNativeTarget section */

/* Begin PBXProject section */
		A5613A0B27F0B5FB00188D35 /* Project object */ = {
			isa = PBXProject;
			attributes = {
				LastSwiftUpdateCheck = 1240;
				LastUpgradeCheck = 1240;
				TargetAttributes = {
					A5613A1227F0B5FB00188D35 = {
						CreatedOnToolsVersion = 12.4;
					};
				};
			};
			buildConfigurationList = A5613A0E27F0B5FB00188D35 /* Build configuration list for PBXProject "App Notes" */;
			compatibilityVersion = "Xcode 9.3";
			developmentRegion = en;
			hasScannedForEncodings = 0;
			knownRegions = (
				en,
				Base,
			);
			mainGroup = A5613A0A27F0B5FB00188D35;
			productRefGroup = A5613A1427F0B5FB00188D35 /* Products */;
			projectDirPath = "";
			projectRoot = "";
			targets = (
				A5613A1227F0B5FB00188D35 /* App Notes */,
			);
		};
/* End PBXProject section */

/* Begin PBXResourcesBuildPhase section */
		A5613A1127F0B5FB00188D35 /* Resources */ = {
			isa = PBXResourcesBuildPhase;
			buildActionMask = 2147483647;
			files = (
				A5613A2327F0B5FC00188D35 /* LaunchScreen.storyboard in Resources */,
				A5613A2027F0B5FC00188D35 /* Assets.xcassets in Resources */,
				A5613A1E27F0B5FB00188D35 /* Main.storyboard in Resources */,
			);
			runOnlyForDeploymentPostprocessing = 0;
		};
/* End PBXResourcesBuildPhase section */

/* Begin PBXSourcesBuildPhase section */
		A5613A0F27F0B5FB00188D35 /* Sources */ = {
			isa = PBXSourcesBuildPhase;
			buildActionMask = 2147483647;
			files = (
				A5613A1B27F0B5FB00188D35 /* ViewController.swift in Sources */,
				A5613A1727F0B5FB00188D35 /* AppDelegate.swift in Sources */,
				A5613A1927F0B5FB00188D35 /* SceneDelegate.swift in Sources */,
			);
			runOnlyForDeploymentPostprocessing = 0;
		};
/* End PBXSourcesBuildPhase section */

/* Begin PBXVariantGroup section */
		A5613A1C27F0B5FB00188D35 /* Main.storyboard */ = {
			isa = PBXVariantGroup;
			children = (
				A5613A1D27F0B5FB00188D35 /* Base */,
			);
			name = Main.storyboard;
			sourceTree = "<group>";
		};
		A5613A2127F0B5FC00188D35 /* LaunchScreen.storyboard */ = {
			isa = PBXVariantGroup;
			children = (
				A5613A2227F0B5FC00188D35 /* Base */,
			);
			name = LaunchScreen.storyboard;
			sourceTree = "<group>";
		};
/* End PBXVariantGroup section */

/* Begin XCBuildConfiguration section */
		A5613A2527F0B5FC00188D35 /* Debug */ = {
			isa = XCBuildConfiguration;
			buildSettings = {
				ALWAYS_SEARCH_USER_PATHS = NO;
				CLANG_ANALYZER_NONNULL = YES;
				CLANG_ANALYZER_NUMBER_OBJECT_CONVERSION = YES_AGGRESSIVE;
				CLANG_CXX_LANGUAGE_STANDARD = "gnu++14";
				CLANG_CXX_LIBRARY = "libc++";
				CLANG_ENABLE_MODULES = YES;
				CLANG_ENABLE_OBJC_ARC = YES;
				CLANG_ENABLE_OBJC_WEAK = YES;
				CLANG_WARN_BLOCK_CAPTURE_AUTORELEASING = YES;
				CLANG_WARN_BOOL_CONVERSION = YES;
				CLANG_WARN_COMMA = YES;
				CLANG_WARN_CONSTANT_CONVERSION = YES;
				CLANG_WARN_DEPRECATED_OBJC_IMPLEMENTATIONS = YES;
				CLANG_WARN_DIRECT_OBJC_ISA_USAGE = YES_ERROR;
				CLANG_WARN_DOCUMENTATION_COMMENTS = YES;
				CLANG_WARN_EMPTY_BODY = YES;
				CLANG_WARN_ENUM_CONVERSION = YES;
				CLANG_WARN_INFINITE_RECURSION = YES;
				CLANG_WARN_INT_CONVERSION = YES;
				CLANG_WARN_NON_LITERAL_NULL_CONVERSION = YES;
				CLANG_WARN_OBJC_IMPLICIT_RETAIN_SELF = YES;
				CLANG_WARN_OBJC_LITERAL_CONVERSION = YES;
				CLANG_WARN_OBJC_ROOT_CLASS = YES_ERROR;
				CLANG_WARN_QUOTED_INCLUDE_IN_FRAMEWORK_HEADER = YES;
				CLANG_WARN_RANGE_LOOP_ANALYSIS = YES;
				CLANG_WARN_STRICT_PROTOTYPES = YES;
				CLANG_WARN_SUSPICIOUS_MOVE = YES;
				CLANG_WARN_UNGUARDED_AVAILABILITY = YES_AGGRESSIVE;
				CLANG_WARN_UNREACHABLE_CODE = YES;
				CLANG_WARN__DUPLICATE_METHOD_MATCH = YES;
				COPY_PHASE_STRIP = NO;
				DEBUG_INFORMATION_FORMAT = dwarf;
				ENABLE_STRICT_OBJC_MSGSEND = YES;
				ENABLE_TESTABILITY = YES;
				GCC_C_LANGUAGE_STANDARD = gnu11;
				GCC_DYNAMIC_NO_PIC = NO;
				GCC_NO_COMMON_BLOCKS = YES;
				GCC_OPTIMIZATION_LEVEL = 0;
				GCC_PREPROCESSOR_DEFINITIONS = (
					"DEBUG=1",
					"$(inherited)",
				);
				GCC_WARN_64_TO_32_BIT_CONVERSION = YES;
				GCC_WARN_ABOUT_RETURN_TYPE = YES_ERROR;
				GCC_WARN_UNDECLARED_SELECTOR = YES;
				GCC_WARN_UNINITIALIZED_AUTOS = YES_AGGRESSIVE;
				GCC_WARN_UNUSED_FUNCTION = YES;
				GCC_WARN_UNUSED_VARIABLE = YES;
				IPHONEOS_DEPLOYMENT_TARGET = 14.4;
				MTL_ENABLE_DEBUG_INFO = INCLUDE_SOURCE;
				MTL_FAST_MATH = YES;
				ONLY_ACTIVE_ARCH = YES;
				SDKROOT = iphoneos;
				SWIFT_ACTIVE_COMPILATION_CONDITIONS = DEBUG;
				SWIFT_OPTIMIZATION_LEVEL = "-Onone";
			};
			name = Debug;
		};
		A5613A2627F0B5FC00188D35 /* Release */ = {
			isa = XCBuildConfiguration;
			buildSettings = {
				ALWAYS_SEARCH_USER_PATHS = NO;
				CLANG_ANALYZER_NONNULL = YES;
				CLANG_ANALYZER_NUMBER_OBJECT_CONVERSION = YES_AGGRESSIVE;
				CLANG_CXX_LANGUAGE_STANDARD = "gnu++14";
				CLANG_CXX_LIBRARY = "libc++";
				CLANG_ENABLE_MODULES = YES;
				CLANG_ENABLE_OBJC_ARC = YES;
				CLANG_ENABLE_OBJC_WEAK = YES;
				CLANG_WARN_BLOCK_CAPTURE_AUTORELEASING = YES;
				CLANG_WARN_BOOL_CONVERSION = YES;
				CLANG_WARN_COMMA = YES;
				CLANG_WARN_CONSTANT_CONVERSION = YES;
				CLANG_WARN_DEPRECATED_OBJC_IMPLEMENTATIONS = YES;
				CLANG_WARN_DIRECT_OBJC_ISA_USAGE = YES_ERROR;
				CLANG_WARN_DOCUMENTATION_COMMENTS = YES;
				CLANG_WARN_EMPTY_BODY = YES;
				CLANG_WARN_ENUM_CONVERSION = YES;
				CLANG_WARN_INFINITE_RECURSION = YES;
				CLANG_WARN_INT_CONVERSION = YES;
				CLANG_WARN_NON_LITERAL_NULL_CONVERSION = YES;
				CLANG_WARN_OBJC_IMPLICIT_RETAIN_SELF = YES;
				CLANG_WARN_OBJC_LITERAL_CONVERSION = YES;
				CLANG_WARN_OBJC_ROOT_CLASS = YES_ERROR;
				CLANG_WARN_QUOTED_INCLUDE_IN_FRAMEWORK_HEADER = YES;
				CLANG_WARN_RANGE_LOOP_ANALYSIS = YES;
				CLANG_WARN_STRICT_PROTOTYPES = YES;
				CLANG_WARN_SUSPICIOUS_MOVE = YES;
				CLANG_WARN_UNGUARDED_AVAILABILITY = YES_AGGRESSIVE;
				CLANG_WARN_UNREACHABLE_CODE = YES;
				CLANG_WARN__DUPLICATE_METHOD_MATCH = YES;
				COPY_PHASE_STRIP = NO;
				DEBUG_INFORMATION_FORMAT = "dwarf-with-dsym";
				ENABLE_NS_ASSERTIONS = NO;
				ENABLE_STRICT_OBJC_MSGSEND = YES;
				GCC_C_LANGUAGE_STANDARD = gnu11;
				GCC_NO_COMMON_BLOCKS = YES;
				GCC_WARN_64_TO_32_BIT_CONVERSION = YES;
				GCC_WARN_ABOUT_RETURN_TYPE = YES_ERROR;
				GCC_WARN_UNDECLARED_SELECTOR = YES;
				GCC_WARN_UNINITIALIZED_AUTOS = YES_AGGRESSIVE;
				GCC_WARN_UNUSED_FUNCTION = YES;
				GCC_WARN_UNUSED_VARIABLE = YES;
				IPHONEOS_DEPLOYMENT_TARGET = 14.4;
				MTL_ENABLE_DEBUG_INFO = NO;
				MTL_FAST_MATH = YES;
				SDKROOT = iphoneos;
				SWIFT_COMPILATION_MODE = wholemodule;
				SWIFT_OPTIMIZATION_LEVEL = "-O";
				VALIDATE_PRODUCT = YES;
			};
			name = Release;
		};
		A5613A2827F0B5FC00188D35 /* Debug */ = {
			isa = XCBuildConfiguration;
			buildSettings = {
				ASSETCATALOG_COMPILER_APPICON_NAME = AppIcon;
				ASSETCATALOG_COMPILER_GLOBAL_ACCENT_COLOR_NAME = AccentColor;
				CODE_SIGN_STYLE = Automatic;
				DEVELOPMENT_TEAM = PWUQFV6CQT;
				INFOPLIST_FILE = "App Notes/Info.plist";
				LD_RUNPATH_SEARCH_PATHS = (
					"$(inherited)",
					"@executable_path/Frameworks",
				);
				PRODUCT_BUNDLE_IDENTIFIER = "com.tobie.education.App-Notes";
				PRODUCT_NAME = "$(TARGET_NAME)";
				SWIFT_VERSION = 5.0;
				TARGETED_DEVICE_FAMILY = "1,2";
			};
			name = Debug;
		};
		A5613A2927F0B5FC00188D35 /* Release */ = {
			isa = XCBuildConfiguration;
			buildSettings = {
				ASSETCATALOG_COMPILER_APPICON_NAME = AppIcon;
				ASSETCATALOG_COMPILER_GLOBAL_ACCENT_COLOR_NAME = AccentColor;
				CODE_SIGN_STYLE = Automatic;
				DEVELOPMENT_TEAM = PWUQFV6CQT;
				INFOPLIST_FILE = "App Notes/Info.plist";
				LD_RUNPATH_SEARCH_PATHS = (
					"$(inherited)",
					"@executable_path/Frameworks",
				);
				PRODUCT_BUNDLE_IDENTIFIER = "com.tobie.education.App-Notes";
				PRODUCT_NAME = "$(TARGET_NAME)";
				SWIFT_VERSION = 5.0;
				TARGETED_DEVICE_FAMILY = "1,2";
			};
			name = Release;
		};
/* End XCBuildConfiguration section */

/* Begin XCConfigurationList section */
		A5613A0E27F0B5FB00188D35 /* Build configuration list for PBXProject "App Notes" */ = {
			isa = XCConfigurationList;
			buildConfigurations = (
				A5613A2527F0B5FC00188D35 /* Debug */,
				A5613A2627F0B5FC00188D35 /* Release */,
			);
			defaultConfigurationIsVisible = 0;
			defaultConfigurationName = Release;
		};
		A5613A2727F0B5FC00188D35 /* Build configuration list for PBXNativeTarget "App Notes" */ = {
			isa = XCConfigurationList;
			buildConfigurations = (
				A5613A2827F0B5FC00188D35 /* Debug */,
				A5613A2927F0B5FC00188D35 /* Release */,
			);
			defaultConfigurationIsVisible = 0;
			defaultConfigurationName = Release;
		};
/* End XCConfigurationList section */
	};
	rootObject = A5613A0B27F0B5FB00188D35 /* Project object */;
}
