// !$*UTF8*$!
{
	archiveVersion = 1;
	classes = {
	};
	objectVersion = 50;
	objects = {

/* Begin PBXBuildFile section */
		18117973B698483744112A49 /* Pods_App_Notes.framework in Frameworks */ = {isa = PBXBuildFile; fileRef = 96C8B21562B2652774A823FC /* Pods_App_Notes.framework */; };
		A54A5A8D280381530038B4B4 /* NoteCardView.swift in Sources */ = {isa = PBXBuildFile; fileRef = A54A5A8C280381530038B4B4 /* NoteCardView.swift */; };
		A550B939285152C200A47A28 /* MainPresentor.swift in Sources */ = {isa = PBXBuildFile; fileRef = A550B938285152C200A47A28 /* MainPresentor.swift */; };
		A550B93B285154A100A47A28 /* MainAssembly.swift in Sources */ = {isa = PBXBuildFile; fileRef = A550B93A285154A100A47A28 /* MainAssembly.swift */; };
		A550B93D285154CD00A47A28 /* MainRouter.swift in Sources */ = {isa = PBXBuildFile; fileRef = A550B93C285154CD00A47A28 /* MainRouter.swift */; };
		A550B93F285155A600A47A28 /* MainProtocols.swift in Sources */ = {isa = PBXBuildFile; fileRef = A550B93E285155A600A47A28 /* MainProtocols.swift */; };
		A550B9412851591000A47A28 /* MainInteractor.swift in Sources */ = {isa = PBXBuildFile; fileRef = A550B9402851591000A47A28 /* MainInteractor.swift */; };
		A550B94328525FA200A47A28 /* MainNetworkWorker.swift in Sources */ = {isa = PBXBuildFile; fileRef = A550B94228525FA200A47A28 /* MainNetworkWorker.swift */; };
		A550B9452852622500A47A28 /* MainViewController.swift in Sources */ = {isa = PBXBuildFile; fileRef = A550B9442852622500A47A28 /* MainViewController.swift */; };
		A550B9472852938200A47A28 /* MainModels.swift in Sources */ = {isa = PBXBuildFile; fileRef = A550B9462852938200A47A28 /* MainModels.swift */; };
		A5613A1727F0B5FB00188D35 /* AppDelegate.swift in Sources */ = {isa = PBXBuildFile; fileRef = A5613A1627F0B5FB00188D35 /* AppDelegate.swift */; };
		A5613A1927F0B5FB00188D35 /* SceneDelegate.swift in Sources */ = {isa = PBXBuildFile; fileRef = A5613A1827F0B5FB00188D35 /* SceneDelegate.swift */; };
		A5613A1B27F0B5FB00188D35 /* NoteViewController.swift in Sources */ = {isa = PBXBuildFile; fileRef = A5613A1A27F0B5FB00188D35 /* NoteViewController.swift */; };
		A5613A2027F0B5FC00188D35 /* Assets.xcassets in Resources */ = {isa = PBXBuildFile; fileRef = A5613A1F27F0B5FC00188D35 /* Assets.xcassets */; };
		A5613A2327F0B5FC00188D35 /* LaunchScreen.storyboard in Resources */ = {isa = PBXBuildFile; fileRef = A5613A2127F0B5FC00188D35 /* LaunchScreen.storyboard */; };
		A5AE19DD27F0C7010005DD07 /* Model.swift in Sources */ = {isa = PBXBuildFile; fileRef = A5AE19DC27F0C7010005DD07 /* Model.swift */; };
		A5D2124C28146E2100FDCA28 /* UserSettings.swift in Sources */ = {isa = PBXBuildFile; fileRef = A5D2124B28146E2100FDCA28 /* UserSettings.swift */; };
/* End PBXBuildFile section */

/* Begin PBXFileReference section */
		2489B0D984D49CCD2A612247 /* Pods-App Notes.release.xcconfig */ = {isa = PBXFileReference; includeInIndex = 1; lastKnownFileType = text.xcconfig; name = "Pods-App Notes.release.xcconfig"; path = "Target Support Files/Pods-App Notes/Pods-App Notes.release.xcconfig"; sourceTree = "<group>"; };
		91C2DD8D85F1250ABE1E6D1D /* Pods-App Notes.debug.xcconfig */ = {isa = PBXFileReference; includeInIndex = 1; lastKnownFileType = text.xcconfig; name = "Pods-App Notes.debug.xcconfig"; path = "Target Support Files/Pods-App Notes/Pods-App Notes.debug.xcconfig"; sourceTree = "<group>"; };
		96C8B21562B2652774A823FC /* Pods_App_Notes.framework */ = {isa = PBXFileReference; explicitFileType = wrapper.framework; includeInIndex = 0; path = Pods_App_Notes.framework; sourceTree = BUILT_PRODUCTS_DIR; };
		A54A5A8C280381530038B4B4 /* NoteCardView.swift */ = {isa = PBXFileReference; lastKnownFileType = sourcecode.swift; path = NoteCardView.swift; sourceTree = "<group>"; };
		A550B938285152C200A47A28 /* MainPresentor.swift */ = {isa = PBXFileReference; lastKnownFileType = sourcecode.swift; path = MainPresentor.swift; sourceTree = "<group>"; };
		A550B93A285154A100A47A28 /* MainAssembly.swift */ = {isa = PBXFileReference; lastKnownFileType = sourcecode.swift; path = MainAssembly.swift; sourceTree = "<group>"; };
		A550B93C285154CD00A47A28 /* MainRouter.swift */ = {isa = PBXFileReference; lastKnownFileType = sourcecode.swift; path = MainRouter.swift; sourceTree = "<group>"; };
		A550B93E285155A600A47A28 /* MainProtocols.swift */ = {isa = PBXFileReference; lastKnownFileType = sourcecode.swift; path = MainProtocols.swift; sourceTree = "<group>"; };
		A550B9402851591000A47A28 /* MainInteractor.swift */ = {isa = PBXFileReference; lastKnownFileType = sourcecode.swift; path = MainInteractor.swift; sourceTree = "<group>"; };
		A550B94228525FA200A47A28 /* MainNetworkWorker.swift */ = {isa = PBXFileReference; lastKnownFileType = sourcecode.swift; path = MainNetworkWorker.swift; sourceTree = "<group>"; };
		A550B9442852622500A47A28 /* MainViewController.swift */ = {isa = PBXFileReference; lastKnownFileType = sourcecode.swift; path = MainViewController.swift; sourceTree = "<group>"; };
		A550B9462852938200A47A28 /* MainModels.swift */ = {isa = PBXFileReference; lastKnownFileType = sourcecode.swift; path = MainModels.swift; sourceTree = "<group>"; };
		A5613A1327F0B5FB00188D35 /* App Notes.app */ = {isa = PBXFileReference; explicitFileType = wrapper.application; includeInIndex = 0; path = "App Notes.app"; sourceTree = BUILT_PRODUCTS_DIR; };
		A5613A1627F0B5FB00188D35 /* AppDelegate.swift */ = {isa = PBXFileReference; lastKnownFileType = sourcecode.swift; path = AppDelegate.swift; sourceTree = "<group>"; };
		A5613A1827F0B5FB00188D35 /* SceneDelegate.swift */ = {isa = PBXFileReference; lastKnownFileType = sourcecode.swift; path = SceneDelegate.swift; sourceTree = "<group>"; };
		A5613A1A27F0B5FB00188D35 /* NoteViewController.swift */ = {isa = PBXFileReference; lastKnownFileType = sourcecode.swift; path = NoteViewController.swift; sourceTree = "<group>"; };
		A5613A1F27F0B5FC00188D35 /* Assets.xcassets */ = {isa = PBXFileReference; lastKnownFileType = folder.assetcatalog; path = Assets.xcassets; sourceTree = "<group>"; };
		A5613A2227F0B5FC00188D35 /* Base */ = {isa = PBXFileReference; lastKnownFileType = file.storyboard; name = Base; path = Base.lproj/LaunchScreen.storyboard; sourceTree = "<group>"; };
		A5613A2427F0B5FC00188D35 /* Info.plist */ = {isa = PBXFileReference; lastKnownFileType = text.plist.xml; path = Info.plist; sourceTree = "<group>"; };
		A5AE19DC27F0C7010005DD07 /* Model.swift */ = {isa = PBXFileReference; lastKnownFileType = sourcecode.swift; path = Model.swift; sourceTree = "<group>"; };
		A5D2124B28146E2100FDCA28 /* UserSettings.swift */ = {isa = PBXFileReference; lastKnownFileType = sourcecode.swift; path = UserSettings.swift; sourceTree = "<group>"; };
/* End PBXFileReference section */

/* Begin PBXFrameworksBuildPhase section */
		A5613A1027F0B5FB00188D35 /* Frameworks */ = {
			isa = PBXFrameworksBuildPhase;
			buildActionMask = 2147483647;
			files = (
				18117973B698483744112A49 /* Pods_App_Notes.framework in Frameworks */,
			);
			runOnlyForDeploymentPostprocessing = 0;
		};
/* End PBXFrameworksBuildPhase section */

/* Begin PBXGroup section */
		73110896E030B087BD270F70 /* Frameworks */ = {
			isa = PBXGroup;
			children = (
				96C8B21562B2652774A823FC /* Pods_App_Notes.framework */,
			);
			name = Frameworks;
			sourceTree = "<group>";
		};
		9F2FD7F2F12CCB1CE0C07149 /* Pods */ = {
			isa = PBXGroup;
			children = (
				91C2DD8D85F1250ABE1E6D1D /* Pods-App Notes.debug.xcconfig */,
				2489B0D984D49CCD2A612247 /* Pods-App Notes.release.xcconfig */,
			);
			path = Pods;
			sourceTree = "<group>";
		};
		A54A5A89280378350038B4B4 /* Model */ = {
			isa = PBXGroup;
			children = (
				A5D2124B28146E2100FDCA28 /* UserSettings.swift */,
			);
			path = Model;
			sourceTree = "<group>";
		};
		A550B9302851504400A47A28 /* MainScene */ = {
			isa = PBXGroup;
			children = (
				A550B9372851523B00A47A28 /* MainAsembly */,
				A550B9362851522C00A47A28 /* MainProtocols */,
				A550B935285150BA00A47A28 /* MainRouter */,
				A550B934285150AD00A47A28 /* MainView */,
				A550B9332851509000A47A28 /* MainEntity */,
				A550B9322851508300A47A28 /* MainPresentor */,
				A550B9312851505F00A47A28 /* MainInteractor */,
			);
			path = MainScene;
			sourceTree = "<group>";
		};
		A550B9312851505F00A47A28 /* MainInteractor */ = {
			isa = PBXGroup;
			children = (
				A550B94228525FA200A47A28 /* MainNetworkWorker.swift */,
				A550B9402851591000A47A28 /* MainInteractor.swift */,
			);
			path = MainInteractor;
			sourceTree = "<group>";
		};
		A550B9322851508300A47A28 /* MainPresentor */ = {
			isa = PBXGroup;
			children = (
				A550B938285152C200A47A28 /* MainPresentor.swift */,
			);
			path = MainPresentor;
			sourceTree = "<group>";
		};
		A550B9332851509000A47A28 /* MainEntity */ = {
			isa = PBXGroup;
			children = (
				A5AE19DC27F0C7010005DD07 /* Model.swift */,
				A550B9462852938200A47A28 /* MainModels.swift */,
			);
			path = MainEntity;
			sourceTree = "<group>";
		};
		A550B934285150AD00A47A28 /* MainView */ = {
			isa = PBXGroup;
			children = (
				A54A5A8C280381530038B4B4 /* NoteCardView.swift */,
				A550B9442852622500A47A28 /* MainViewController.swift */,
			);
			path = MainView;
			sourceTree = "<group>";
		};
		A550B935285150BA00A47A28 /* MainRouter */ = {
			isa = PBXGroup;
			children = (
				A550B93C285154CD00A47A28 /* MainRouter.swift */,
			);
			path = MainRouter;
			sourceTree = "<group>";
		};
		A550B9362851522C00A47A28 /* MainProtocols */ = {
			isa = PBXGroup;
			children = (
				A550B93E285155A600A47A28 /* MainProtocols.swift */,
			);
			path = MainProtocols;
			sourceTree = "<group>";
		};
		A550B9372851523B00A47A28 /* MainAsembly */ = {
			isa = PBXGroup;
			children = (
				A550B93A285154A100A47A28 /* MainAssembly.swift */,
			);
			path = MainAsembly;
			sourceTree = "<group>";
		};
		A550B9482853883B00A47A28 /* DetailNoteScene */ = {
			isa = PBXGroup;
			children = (
				A550B94F285407AF00A47A28 /* DetailInteractor */,
				A550B94E285407A400A47A28 /* DetailPresentor */,
				A550B94D2854079700A47A28 /* DetailEntity */,
				A550B94C2854078600A47A28 /* DetailView */,
				A550B94B2854077D00A47A28 /* DetailRouter */,
				A550B94A2854076C00A47A28 /* DetailProtocols */,
				A550B9492854075900A47A28 /* DetailAssembly */,
			);
			path = DetailNoteScene;
			sourceTree = "<group>";
		};
		A550B9492854075900A47A28 /* DetailAssembly */ = {
			isa = PBXGroup;
			children = (
			);
			path = DetailAssembly;
			sourceTree = "<group>";
		};
		A550B94A2854076C00A47A28 /* DetailProtocols */ = {
			isa = PBXGroup;
			children = (
			);
			path = DetailProtocols;
			sourceTree = "<group>";
		};
		A550B94B2854077D00A47A28 /* DetailRouter */ = {
			isa = PBXGroup;
			children = (
			);
			path = DetailRouter;
			sourceTree = "<group>";
		};
		A550B94C2854078600A47A28 /* DetailView */ = {
			isa = PBXGroup;
			children = (
				A5613A1A27F0B5FB00188D35 /* NoteViewController.swift */,
			);
			path = DetailView;
			sourceTree = "<group>";
		};
		A550B94D2854079700A47A28 /* DetailEntity */ = {
			isa = PBXGroup;
			children = (
			);
			path = DetailEntity;
			sourceTree = "<group>";
		};
		A550B94E285407A400A47A28 /* DetailPresentor */ = {
			isa = PBXGroup;
			children = (
			);
			path = DetailPresentor;
			sourceTree = "<group>";
		};
		A550B94F285407AF00A47A28 /* DetailInteractor */ = {
			isa = PBXGroup;
			children = (
			);
			path = DetailInteractor;
			sourceTree = "<group>";
		};
		A5613A0A27F0B5FB00188D35 = {
			isa = PBXGroup;
			children = (
				A5613A1527F0B5FB00188D35 /* App Notes */,
				A5613A1427F0B5FB00188D35 /* Products */,
				9F2FD7F2F12CCB1CE0C07149 /* Pods */,
				73110896E030B087BD270F70 /* Frameworks */,
			);
			sourceTree = "<group>";
		};
		A5613A1427F0B5FB00188D35 /* Products */ = {
			isa = PBXGroup;
			children = (
				A5613A1327F0B5FB00188D35 /* App Notes.app */,
			);
			name = Products;
			sourceTree = "<group>";
		};
		A5613A1527F0B5FB00188D35 /* App Notes */ = {
			isa = PBXGroup;
			children = (
				A550B9482853883B00A47A28 /* DetailNoteScene */,
				A550B9302851504400A47A28 /* MainScene */,
				A54A5A89280378350038B4B4 /* Model */,
				A5613A1627F0B5FB00188D35 /* AppDelegate.swift */,
				A5613A1827F0B5FB00188D35 /* SceneDelegate.swift */,
				A5613A1F27F0B5FC00188D35 /* Assets.xcassets */,
				A5613A2127F0B5FC00188D35 /* LaunchScreen.storyboard */,
				A5613A2427F0B5FC00188D35 /* Info.plist */,
			);
			path = "App Notes";
			sourceTree = "<group>";
		};
/* End PBXGroup section */

/* Begin PBXNativeTarget section */
		A5613A1227F0B5FB00188D35 /* App Notes */ = {
			isa = PBXNativeTarget;
			buildConfigurationList = A5613A2727F0B5FC00188D35 /* Build configuration list for PBXNativeTarget "App Notes" */;
			buildPhases = (
				87A05D617F2FFF28EDC9EE18 /* [CP] Check Pods Manifest.lock */,
				A55B438127F5D32000005CD5 /* ShellScript */,
				A5613A0F27F0B5FB00188D35 /* Sources */,
				A5613A1027F0B5FB00188D35 /* Frameworks */,
				A5613A1127F0B5FB00188D35 /* Resources */,
			);
			buildRules = (
			);
			dependencies = (
			);
			name = "App Notes";
			productName = "App Notes";
			productReference = A5613A1327F0B5FB00188D35 /* App Notes.app */;
			productType = "com.apple.product-type.application";
		};
/* End PBXNativeTarget section */

/* Begin PBXProject section */
		A5613A0B27F0B5FB00188D35 /* Project object */ = {
			isa = PBXProject;
			attributes = {
				LastSwiftUpdateCheck = 1240;
				LastUpgradeCheck = 1240;
				TargetAttributes = {
					A5613A1227F0B5FB00188D35 = {
						CreatedOnToolsVersion = 12.4;
					};
				};
			};
			buildConfigurationList = A5613A0E27F0B5FB00188D35 /* Build configuration list for PBXProject "App Notes" */;
			compatibilityVersion = "Xcode 9.3";
			developmentRegion = en;
			hasScannedForEncodings = 0;
			knownRegions = (
				en,
				Base,
			);
			mainGroup = A5613A0A27F0B5FB00188D35;
			productRefGroup = A5613A1427F0B5FB00188D35 /* Products */;
			projectDirPath = "";
			projectRoot = "";
			targets = (
				A5613A1227F0B5FB00188D35 /* App Notes */,
			);
		};
/* End PBXProject section */

/* Begin PBXResourcesBuildPhase section */
		A5613A1127F0B5FB00188D35 /* Resources */ = {
			isa = PBXResourcesBuildPhase;
			buildActionMask = 2147483647;
			files = (
				A5613A2327F0B5FC00188D35 /* LaunchScreen.storyboard in Resources */,
				A5613A2027F0B5FC00188D35 /* Assets.xcassets in Resources */,
			);
			runOnlyForDeploymentPostprocessing = 0;
		};
/* End PBXResourcesBuildPhase section */

/* Begin PBXShellScriptBuildPhase section */
		87A05D617F2FFF28EDC9EE18 /* [CP] Check Pods Manifest.lock */ = {
			isa = PBXShellScriptBuildPhase;
			buildActionMask = 2147483647;
			files = (
			);
			inputFileListPaths = (
			);
			inputPaths = (
				"${PODS_PODFILE_DIR_PATH}/Podfile.lock",
				"${PODS_ROOT}/Manifest.lock",
			);
			name = "[CP] Check Pods Manifest.lock";
			outputFileListPaths = (
			);
			outputPaths = (
				"$(DERIVED_FILE_DIR)/Pods-App Notes-checkManifestLockResult.txt",
			);
			runOnlyForDeploymentPostprocessing = 0;
			shellPath = /bin/sh;
			shellScript = "diff \"${PODS_PODFILE_DIR_PATH}/Podfile.lock\" \"${PODS_ROOT}/Manifest.lock\" > /dev/null\nif [ $? != 0 ] ; then\n    # print error to STDERR\n    echo \"error: The sandbox is not in sync with the Podfile.lock. Run 'pod install' or update your CocoaPods installation.\" >&2\n    exit 1\nfi\n# This output is used by Xcode 'outputs' to avoid re-running this script phase.\necho \"SUCCESS\" > \"${SCRIPT_OUTPUT_FILE_0}\"\n";
			showEnvVarsInLog = 0;
		};
		A55B438127F5D32000005CD5 /* ShellScript */ = {
			isa = PBXShellScriptBuildPhase;
			buildActionMask = 2147483647;
			files = (
			);
			inputFileListPaths = (
			);
			inputPaths = (
			);
			outputFileListPaths = (
			);
			outputPaths = (
			);
			runOnlyForDeploymentPostprocessing = 0;
			shellPath = /bin/sh;
			shellScript = "# Type a script or drag a script file from your workspace to insert its path.\n\"${PODS_ROOT}/SwiftLint/swiftlint\"\n";
		};
/* End PBXShellScriptBuildPhase section */

/* Begin PBXSourcesBuildPhase section */
		A5613A0F27F0B5FB00188D35 /* Sources */ = {
			isa = PBXSourcesBuildPhase;
			buildActionMask = 2147483647;
			files = (
				A550B93B285154A100A47A28 /* MainAssembly.swift in Sources */,
				A5613A1B27F0B5FB00188D35 /* NoteViewController.swift in Sources */,
				A5613A1727F0B5FB00188D35 /* AppDelegate.swift in Sources */,
				A54A5A8D280381530038B4B4 /* NoteCardView.swift in Sources */,
				A5613A1927F0B5FB00188D35 /* SceneDelegate.swift in Sources */,
				A5D2124C28146E2100FDCA28 /* UserSettings.swift in Sources */,
				A550B9452852622500A47A28 /* MainViewController.swift in Sources */,
				A550B93F285155A600A47A28 /* MainProtocols.swift in Sources */,
				A5AE19DD27F0C7010005DD07 /* Model.swift in Sources */,
				A550B93D285154CD00A47A28 /* MainRouter.swift in Sources */,
				A550B939285152C200A47A28 /* MainPresentor.swift in Sources */,
				A550B9412851591000A47A28 /* MainInteractor.swift in Sources */,
				A550B9472852938200A47A28 /* MainModels.swift in Sources */,
				A550B94328525FA200A47A28 /* MainNetworkWorker.swift in Sources */,
			);
			runOnlyForDeploymentPostprocessing = 0;
		};
/* End PBXSourcesBuildPhase section */

/* Begin PBXVariantGroup section */
		A5613A2127F0B5FC00188D35 /* LaunchScreen.storyboard */ = {
			isa = PBXVariantGroup;
			children = (
				A5613A2227F0B5FC00188D35 /* Base */,
			);
			name = LaunchScreen.storyboard;
			sourceTree = "<group>";
		};
/* End PBXVariantGroup section */

/* Begin XCBuildConfiguration section */
		A5613A2527F0B5FC00188D35 /* Debug */ = {
			isa = XCBuildConfiguration;
			buildSettings = {
				ALWAYS_SEARCH_USER_PATHS = NO;
				CLANG_ANALYZER_NONNULL = YES;
				CLANG_ANALYZER_NUMBER_OBJECT_CONVERSION = YES_AGGRESSIVE;
				CLANG_CXX_LANGUAGE_STANDARD = "gnu++14";
				CLANG_CXX_LIBRARY = "libc++";
				CLANG_ENABLE_MODULES = YES;
				CLANG_ENABLE_OBJC_ARC = YES;
				CLANG_ENABLE_OBJC_WEAK = YES;
				CLANG_WARN_BLOCK_CAPTURE_AUTORELEASING = YES;
				CLANG_WARN_BOOL_CONVERSION = YES;
				CLANG_WARN_COMMA = YES;
				CLANG_WARN_CONSTANT_CONVERSION = YES;
				CLANG_WARN_DEPRECATED_OBJC_IMPLEMENTATIONS = YES;
				CLANG_WARN_DIRECT_OBJC_ISA_USAGE = YES_ERROR;
				CLANG_WARN_DOCUMENTATION_COMMENTS = YES;
				CLANG_WARN_EMPTY_BODY = YES;
				CLANG_WARN_ENUM_CONVERSION = YES;
				CLANG_WARN_INFINITE_RECURSION = YES;
				CLANG_WARN_INT_CONVERSION = YES;
				CLANG_WARN_NON_LITERAL_NULL_CONVERSION = YES;
				CLANG_WARN_OBJC_IMPLICIT_RETAIN_SELF = YES;
				CLANG_WARN_OBJC_LITERAL_CONVERSION = YES;
				CLANG_WARN_OBJC_ROOT_CLASS = YES_ERROR;
				CLANG_WARN_QUOTED_INCLUDE_IN_FRAMEWORK_HEADER = YES;
				CLANG_WARN_RANGE_LOOP_ANALYSIS = YES;
				CLANG_WARN_STRICT_PROTOTYPES = YES;
				CLANG_WARN_SUSPICIOUS_MOVE = YES;
				CLANG_WARN_UNGUARDED_AVAILABILITY = YES_AGGRESSIVE;
				CLANG_WARN_UNREACHABLE_CODE = YES;
				CLANG_WARN__DUPLICATE_METHOD_MATCH = YES;
				COPY_PHASE_STRIP = NO;
				DEBUG_INFORMATION_FORMAT = dwarf;
				ENABLE_STRICT_OBJC_MSGSEND = YES;
				ENABLE_TESTABILITY = YES;
				GCC_C_LANGUAGE_STANDARD = gnu11;
				GCC_DYNAMIC_NO_PIC = NO;
				GCC_NO_COMMON_BLOCKS = YES;
				GCC_OPTIMIZATION_LEVEL = 0;
				GCC_PREPROCESSOR_DEFINITIONS = (
					"DEBUG=1",
					"$(inherited)",
				);
				GCC_WARN_64_TO_32_BIT_CONVERSION = YES;
				GCC_WARN_ABOUT_RETURN_TYPE = YES_ERROR;
				GCC_WARN_UNDECLARED_SELECTOR = YES;
				GCC_WARN_UNINITIALIZED_AUTOS = YES_AGGRESSIVE;
				GCC_WARN_UNUSED_FUNCTION = YES;
				GCC_WARN_UNUSED_VARIABLE = YES;
				IPHONEOS_DEPLOYMENT_TARGET = 14.4;
				MTL_ENABLE_DEBUG_INFO = INCLUDE_SOURCE;
				MTL_FAST_MATH = YES;
				ONLY_ACTIVE_ARCH = YES;
				SDKROOT = iphoneos;
				SWIFT_ACTIVE_COMPILATION_CONDITIONS = DEBUG;
				SWIFT_OPTIMIZATION_LEVEL = "-Onone";
			};
			name = Debug;
		};
		A5613A2627F0B5FC00188D35 /* Release */ = {
			isa = XCBuildConfiguration;
			buildSettings = {
				ALWAYS_SEARCH_USER_PATHS = NO;
				CLANG_ANALYZER_NONNULL = YES;
				CLANG_ANALYZER_NUMBER_OBJECT_CONVERSION = YES_AGGRESSIVE;
				CLANG_CXX_LANGUAGE_STANDARD = "gnu++14";
				CLANG_CXX_LIBRARY = "libc++";
				CLANG_ENABLE_MODULES = YES;
				CLANG_ENABLE_OBJC_ARC = YES;
				CLANG_ENABLE_OBJC_WEAK = YES;
				CLANG_WARN_BLOCK_CAPTURE_AUTORELEASING = YES;
				CLANG_WARN_BOOL_CONVERSION = YES;
				CLANG_WARN_COMMA = YES;
				CLANG_WARN_CONSTANT_CONVERSION = YES;
				CLANG_WARN_DEPRECATED_OBJC_IMPLEMENTATIONS = YES;
				CLANG_WARN_DIRECT_OBJC_ISA_USAGE = YES_ERROR;
				CLANG_WARN_DOCUMENTATION_COMMENTS = YES;
				CLANG_WARN_EMPTY_BODY = YES;
				CLANG_WARN_ENUM_CONVERSION = YES;
				CLANG_WARN_INFINITE_RECURSION = YES;
				CLANG_WARN_INT_CONVERSION = YES;
				CLANG_WARN_NON_LITERAL_NULL_CONVERSION = YES;
				CLANG_WARN_OBJC_IMPLICIT_RETAIN_SELF = YES;
				CLANG_WARN_OBJC_LITERAL_CONVERSION = YES;
				CLANG_WARN_OBJC_ROOT_CLASS = YES_ERROR;
				CLANG_WARN_QUOTED_INCLUDE_IN_FRAMEWORK_HEADER = YES;
				CLANG_WARN_RANGE_LOOP_ANALYSIS = YES;
				CLANG_WARN_STRICT_PROTOTYPES = YES;
				CLANG_WARN_SUSPICIOUS_MOVE = YES;
				CLANG_WARN_UNGUARDED_AVAILABILITY = YES_AGGRESSIVE;
				CLANG_WARN_UNREACHABLE_CODE = YES;
				CLANG_WARN__DUPLICATE_METHOD_MATCH = YES;
				COPY_PHASE_STRIP = NO;
				DEBUG_INFORMATION_FORMAT = "dwarf-with-dsym";
				ENABLE_NS_ASSERTIONS = NO;
				ENABLE_STRICT_OBJC_MSGSEND = YES;
				GCC_C_LANGUAGE_STANDARD = gnu11;
				GCC_NO_COMMON_BLOCKS = YES;
				GCC_WARN_64_TO_32_BIT_CONVERSION = YES;
				GCC_WARN_ABOUT_RETURN_TYPE = YES_ERROR;
				GCC_WARN_UNDECLARED_SELECTOR = YES;
				GCC_WARN_UNINITIALIZED_AUTOS = YES_AGGRESSIVE;
				GCC_WARN_UNUSED_FUNCTION = YES;
				GCC_WARN_UNUSED_VARIABLE = YES;
				IPHONEOS_DEPLOYMENT_TARGET = 14.4;
				MTL_ENABLE_DEBUG_INFO = NO;
				MTL_FAST_MATH = YES;
				SDKROOT = iphoneos;
				SWIFT_COMPILATION_MODE = wholemodule;
				SWIFT_OPTIMIZATION_LEVEL = "-O";
				VALIDATE_PRODUCT = YES;
			};
			name = Release;
		};
		A5613A2827F0B5FC00188D35 /* Debug */ = {
			isa = XCBuildConfiguration;
			baseConfigurationReference = 91C2DD8D85F1250ABE1E6D1D /* Pods-App Notes.debug.xcconfig */;
			buildSettings = {
				ASSETCATALOG_COMPILER_APPICON_NAME = AppIcon;
				ASSETCATALOG_COMPILER_GLOBAL_ACCENT_COLOR_NAME = AccentColor;
				CODE_SIGN_STYLE = Automatic;
				DEVELOPMENT_TEAM = PWUQFV6CQT;
				INFOPLIST_FILE = "App Notes/Info.plist";
				LD_RUNPATH_SEARCH_PATHS = (
					"$(inherited)",
					"@executable_path/Frameworks",
				);
				PRODUCT_BUNDLE_IDENTIFIER = "com.tobie.education.App-Notes";
				PRODUCT_NAME = "$(TARGET_NAME)";
				SWIFT_VERSION = 5.0;
				TARGETED_DEVICE_FAMILY = "1,2";
			};
			name = Debug;
		};
		A5613A2927F0B5FC00188D35 /* Release */ = {
			isa = XCBuildConfiguration;
			baseConfigurationReference = 2489B0D984D49CCD2A612247 /* Pods-App Notes.release.xcconfig */;
			buildSettings = {
				ASSETCATALOG_COMPILER_APPICON_NAME = AppIcon;
				ASSETCATALOG_COMPILER_GLOBAL_ACCENT_COLOR_NAME = AccentColor;
				CODE_SIGN_STYLE = Automatic;
				DEVELOPMENT_TEAM = PWUQFV6CQT;
				INFOPLIST_FILE = "App Notes/Info.plist";
				LD_RUNPATH_SEARCH_PATHS = (
					"$(inherited)",
					"@executable_path/Frameworks",
				);
				PRODUCT_BUNDLE_IDENTIFIER = "com.tobie.education.App-Notes";
				PRODUCT_NAME = "$(TARGET_NAME)";
				SWIFT_VERSION = 5.0;
				TARGETED_DEVICE_FAMILY = "1,2";
			};
			name = Release;
		};
/* End XCBuildConfiguration section */

/* Begin XCConfigurationList section */
		A5613A0E27F0B5FB00188D35 /* Build configuration list for PBXProject "App Notes" */ = {
			isa = XCConfigurationList;
			buildConfigurations = (
				A5613A2527F0B5FC00188D35 /* Debug */,
				A5613A2627F0B5FC00188D35 /* Release */,
			);
			defaultConfigurationIsVisible = 0;
			defaultConfigurationName = Release;
		};
		A5613A2727F0B5FC00188D35 /* Build configuration list for PBXNativeTarget "App Notes" */ = {
			isa = XCConfigurationList;
			buildConfigurations = (
				A5613A2827F0B5FC00188D35 /* Debug */,
				A5613A2927F0B5FC00188D35 /* Release */,
			);
			defaultConfigurationIsVisible = 0;
			defaultConfigurationName = Release;
		};
/* End XCConfigurationList section */
	};
	rootObject = A5613A0B27F0B5FB00188D35 /* Project object */;
}
